# This file was autogenerated by uv via the following command:
#    uv export --locked --no-dev --no-hashes --no-emit-project --format requirements-txt
aiosmtplib==5.1.2
    # via contextify-cloud
alembic==1.18.5
    # via contextify-cloud
annotated-doc==0.0.4
    # via fastapi
annotated-types==0.7.0
    # via pydantic
anyio==4.14.2
    # via
    #   httpx
    #   starlette
    #   watchfiles
asyncpg==0.31.0
    # via contextify-cloud
bcrypt==5.0.0
    # via contextify-cloud
certifi==2026.6.17
    # via
    #   httpcore
    #   httpx
    #   sentry-sdk
click==8.4.2
    # via uvicorn
colorama==0.4.6 ; sys_platform == 'win32'
    # via click
dnspython==2.8.0
    # via email-validator
email-validator==2.3.0
    # via contextify-cloud
fastapi==0.139.2
    # via contextify-cloud
greenlet==3.5.3
    # via sqlalchemy
h11==0.16.0
    # via
    #   httpcore
    #   uvicorn
httpcore==1.0.9
    # via httpx
httptools==0.8.0
    # via uvicorn
httpx==0.28.1
    # via contextify-cloud
idna==3.18
    # via
    #   anyio
    #   email-validator
    #   httpx
jinja2==3.1.6
    # via contextify-cloud
mako==1.3.12
    # via alembic
markupsafe==3.0.3
    # via
    #   jinja2
    #   mako
pydantic==2.13.4
    # via
    #   contextify-cloud
    #   fastapi
    #   pydantic-settings
pydantic-core==2.46.4
    # via pydantic
pydantic-settings==2.14.2
    # via contextify-cloud
pyjwt==2.13.0
    # via contextify-cloud
python-dotenv==1.2.2
    # via
    #   contextify-cloud
    #   pydantic-settings
    #   uvicorn
python-multipart==0.0.32
    # via contextify-cloud
pyyaml==6.0.3
    # via uvicorn
sentry-sdk==2.66.0
    # via contextify-cloud
sqlalchemy==2.0.51
    # via
    #   alembic
    #   contextify-cloud
starlette==1.3.1
    # via fastapi
typing-extensions==4.16.0
    # via
    #   alembic
    #   fastapi
    #   pydantic
    #   pydantic-core
    #   sqlalchemy
    #   typing-inspection
typing-inspection==0.4.2
    # via
    #   fastapi
    #   pydantic
    #   pydantic-settings
urllib3==2.7.0
    # via sentry-sdk
uvicorn==0.51.0
    # via contextify-cloud
uvloop==0.22.1 ; platform_python_implementation != 'PyPy' and sys_platform != 'cygwin' and sys_platform != 'win32'
    # via uvicorn
watchfiles==1.2.0
    # via uvicorn
websockets==16.1.1
    # via uvicorn
